// !$*UTF8*$!
{
	archiveVersion = 1;
	classes = {
	};
	objectVersion = 50;
	objects = {

/* Begin PBXBuildFile section */
		350A1BC024ED3CFB008F7ED4 /* AppDelegate.swift in Sources */ = {isa = PBXBuildFile; fileRef = 350A1BBF24ED3CFB008F7ED4 /* AppDelegate.swift */; };
		350A1BC224ED3CFB008F7ED4 /* DocumentBrowserViewController.swift in Sources */ = {isa = PBXBuildFile; fileRef = 350A1BC124ED3CFB008F7ED4 /* DocumentBrowserViewController.swift */; };
		350A1BC624ED3CFB008F7ED4 /* EmojiArtDocument.swift in Sources */ = {isa = PBXBuildFile; fileRef = 350A1BC524ED3CFB008F7ED4 /* EmojiArtDocument.swift */; };
		350A1BC924ED3CFB008F7ED4 /* Main.storyboard in Resources */ = {isa = PBXBuildFile; fileRef = 350A1BC724ED3CFB008F7ED4 /* Main.storyboard */; };
		350A1BCB24ED3CFD008F7ED4 /* Assets.xcassets in Resources */ = {isa = PBXBuildFile; fileRef = 350A1BCA24ED3CFD008F7ED4 /* Assets.xcassets */; };
		350A1BCE24ED3CFD008F7ED4 /* LaunchScreen.storyboard in Resources */ = {isa = PBXBuildFile; fileRef = 350A1BCC24ED3CFD008F7ED4 /* LaunchScreen.storyboard */; };
		35BCFD2324EE5DC000804A8F /* EmojiCollectionViewCell.swift in Sources */ = {isa = PBXBuildFile; fileRef = 35BCFD1C24EE5DBF00804A8F /* EmojiCollectionViewCell.swift */; };
		35BCFD2424EE5DC000804A8F /* EmojiArt.swift in Sources */ = {isa = PBXBuildFile; fileRef = 35BCFD1D24EE5DBF00804A8F /* EmojiArt.swift */; };
		35BCFD2524EE5DC000804A8F /* EmojiArtView+Gestures.swift in Sources */ = {isa = PBXBuildFile; fileRef = 35BCFD1E24EE5DC000804A8F /* EmojiArtView+Gestures.swift */; };
		35BCFD2624EE5DC000804A8F /* Utilities.swift in Sources */ = {isa = PBXBuildFile; fileRef = 35BCFD1F24EE5DC000804A8F /* Utilities.swift */; };
		35BCFD2724EE5DC000804A8F /* EmojiArtViewController.swift in Sources */ = {isa = PBXBuildFile; fileRef = 35BCFD2024EE5DC000804A8F /* EmojiArtViewController.swift */; };
		35BCFD2824EE5DC000804A8F /* TextFieldCollectionViewCell.swift in Sources */ = {isa = PBXBuildFile; fileRef = 35BCFD2124EE5DC000804A8F /* TextFieldCollectionViewCell.swift */; };
		35BCFD2924EE5DC000804A8F /* EmojiArtView.swift in Sources */ = {isa = PBXBuildFile; fileRef = 35BCFD2224EE5DC000804A8F /* EmojiArtView.swift */; };
/* End PBXBuildFile section */

/* Begin PBXFileReference section */
		350A1BBC24ED3CFB008F7ED4 /* DocumentBasedEmojiArt.app */ = {isa = PBXFileReference; explicitFileType = wrapper.application; includeInIndex = 0; path = DocumentBasedEmojiArt.app; sourceTree = BUILT_PRODUCTS_DIR; };
		350A1BBF24ED3CFB008F7ED4 /* AppDelegate.swift */ = {isa = PBXFileReference; lastKnownFileType = sourcecode.swift; path = AppDelegate.swift; sourceTree = "<group>"; };
		350A1BC124ED3CFB008F7ED4 /* DocumentBrowserViewController.swift */ = {isa = PBXFileReference; lastKnownFileType = sourcecode.swift; path = DocumentBrowserViewController.swift; sourceTree = "<group>"; };
		350A1BC524ED3CFB008F7ED4 /* EmojiArtDocument.swift */ = {isa = PBXFileReference; lastKnownFileType = sourcecode.swift; path = EmojiArtDocument.swift; sourceTree = "<group>"; };
		350A1BC824ED3CFB008F7ED4 /* Base */ = {isa = PBXFileReference; lastKnownFileType = file.storyboard; name = Base; path = Base.lproj/Main.storyboard; sourceTree = "<group>"; };
		350A1BCA24ED3CFD008F7ED4 /* Assets.xcassets */ = {isa = PBXFileReference; lastKnownFileType = folder.assetcatalog; path = Assets.xcassets; sourceTree = "<group>"; };
		350A1BCD24ED3CFD008F7ED4 /* Base */ = {isa = PBXFileReference; lastKnownFileType = file.storyboard; name = Base; path = Base.lproj/LaunchScreen.storyboard; sourceTree = "<group>"; };
		350A1BCF24ED3CFD008F7ED4 /* Info.plist */ = {isa = PBXFileReference; lastKnownFileType = text.plist.xml; path = Info.plist; sourceTree = "<group>"; };
		35BCFD1C24EE5DBF00804A8F /* EmojiCollectionViewCell.swift */ = {isa = PBXFileReference; fileEncoding = 4; lastKnownFileType = sourcecode.swift; name = EmojiCollectionViewCell.swift; path = ../../EmojiArt/EmojiArt/EmojiCollectionViewCell.swift; sourceTree = "<group>"; };
		35BCFD1D24EE5DBF00804A8F /* EmojiArt.swift */ = {isa = PBXFileReference; fileEncoding = 4; lastKnownFileType = sourcecode.swift; name = EmojiArt.swift; path = ../../EmojiArt/EmojiArt/EmojiArt.swift; sourceTree = "<group>"; };
		35BCFD1E24EE5DC000804A8F /* EmojiArtView+Gestures.swift */ = {isa = PBXFileReference; fileEncoding = 4; lastKnownFileType = sourcecode.swift; name = "EmojiArtView+Gestures.swift"; path = "../../EmojiArt/EmojiArt/EmojiArtView+Gestures.swift"; sourceTree = "<group>"; };
		35BCFD1F24EE5DC000804A8F /* Utilities.swift */ = {isa = PBXFileReference; fileEncoding = 4; lastKnownFileType = sourcecode.swift; name = Utilities.swift; path = ../../EmojiArt/EmojiArt/Utilities.swift; sourceTree = "<group>"; };
		35BCFD2024EE5DC000804A8F /* EmojiArtViewController.swift */ = {isa = PBXFileReference; fileEncoding = 4; lastKnownFileType = sourcecode.swift; name = EmojiArtViewController.swift; path = ../../EmojiArt/EmojiArt/EmojiArtViewController.swift; sourceTree = "<group>"; };
		35BCFD2124EE5DC000804A8F /* TextFieldCollectionViewCell.swift */ = {isa = PBXFileReference; fileEncoding = 4; lastKnownFileType = sourcecode.swift; name = TextFieldCollectionViewCell.swift; path = ../../EmojiArt/EmojiArt/TextFieldCollectionViewCell.swift; sourceTree = "<group>"; };
		35BCFD2224EE5DC000804A8F /* EmojiArtView.swift */ = {isa = PBXFileReference; fileEncoding = 4; lastKnownFileType = sourcecode.swift; name = EmojiArtView.swift; path = ../../EmojiArt/EmojiArt/EmojiArtView.swift; sourceTree = "<group>"; };
/* End PBXFileReference section */

/* Begin PBXFrameworksBuildPhase section */
		350A1BB924ED3CFB008F7ED4 /* Frameworks */ = {
			isa = PBXFrameworksBuildPhase;
			buildActionMask = 2147483647;
			files = (
			);
			runOnlyForDeploymentPostprocessing = 0;
		};
/* End PBXFrameworksBuildPhase section */

/* Begin PBXGroup section */
		350A1BB324ED3CFB008F7ED4 = {
			isa = PBXGroup;
			children = (
				350A1BBE24ED3CFB008F7ED4 /* DocumentBasedEmojiArt */,
				350A1BBD24ED3CFB008F7ED4 /* Products */,
			);
			sourceTree = "<group>";
		};
		350A1BBD24ED3CFB008F7ED4 /* Products */ = {
			isa = PBXGroup;
			children = (
				350A1BBC24ED3CFB008F7ED4 /* DocumentBasedEmojiArt.app */,
			);
			name = Products;
			sourceTree = "<group>";
		};
		350A1BBE24ED3CFB008F7ED4 /* DocumentBasedEmojiArt */ = {
			isa = PBXGroup;
			children = (
				35BCFD1D24EE5DBF00804A8F /* EmojiArt.swift */,
				35BCFD2224EE5DC000804A8F /* EmojiArtView.swift */,
				35BCFD1E24EE5DC000804A8F /* EmojiArtView+Gestures.swift */,
				35BCFD2024EE5DC000804A8F /* EmojiArtViewController.swift */,
				35BCFD1C24EE5DBF00804A8F /* EmojiCollectionViewCell.swift */,
				35BCFD2124EE5DC000804A8F /* TextFieldCollectionViewCell.swift */,
				35BCFD1F24EE5DC000804A8F /* Utilities.swift */,
				350A1BBF24ED3CFB008F7ED4 /* AppDelegate.swift */,
				350A1BC124ED3CFB008F7ED4 /* DocumentBrowserViewController.swift */,
				350A1BC524ED3CFB008F7ED4 /* EmojiArtDocument.swift */,
				350A1BC724ED3CFB008F7ED4 /* Main.storyboard */,
				350A1BCA24ED3CFD008F7ED4 /* Assets.xcassets */,
				350A1BCC24ED3CFD008F7ED4 /* LaunchScreen.storyboard */,
				350A1BCF24ED3CFD008F7ED4 /* Info.plist */,
			);
			path = DocumentBasedEmojiArt;
			sourceTree = "<group>";
		};
/* End PBXGroup section */

/* Begin PBXNativeTarget section */
		350A1BBB24ED3CFB008F7ED4 /* DocumentBasedEmojiArt */ = {
			isa = PBXNativeTarget;
			buildConfigurationList = 350A1BD224ED3CFD008F7ED4 /* Build configuration list for PBXNativeTarget "DocumentBasedEmojiArt" */;
			buildPhases = (
				350A1BB824ED3CFB008F7ED4 /* Sources */,
				350A1BB924ED3CFB008F7ED4 /* Frameworks */,
				350A1BBA24ED3CFB008F7ED4 /* Resources */,
			);
			buildRules = (
			);
			dependencies = (
			);
			name = DocumentBasedEmojiArt;
			productName = DocumentBasedEmojiArt;
			productReference = 350A1BBC24ED3CFB008F7ED4 /* DocumentBasedEmojiArt.app */;
			productType = "com.apple.product-type.application";
		};
/* End PBXNativeTarget section */

/* Begin PBXProject section */
		350A1BB424ED3CFB008F7ED4 /* Project object */ = {
			isa = PBXProject;
			attributes = {
				LastSwiftUpdateCheck = 1160;
				LastUpgradeCheck = 1160;
				ORGANIZATIONNAME = "Dmitry Reshetnik";
				TargetAttributes = {
					350A1BBB24ED3CFB008F7ED4 = {
						CreatedOnToolsVersion = 11.6;
					};
				};
			};
			buildConfigurationList = 350A1BB724ED3CFB008F7ED4 /* Build configuration list for PBXProject "DocumentBasedEmojiArt" */;
			compatibilityVersion = "Xcode 9.3";
			developmentRegion = en;
			hasScannedForEncodings = 0;
			knownRegions = (
				en,
				Base,
			);
			mainGroup = 350A1BB324ED3CFB008F7ED4;
			productRefGroup = 350A1BBD24ED3CFB008F7ED4 /* Products */;
			projectDirPath = "";
			projectRoot = "";
			targets = (
				350A1BBB24ED3CFB008F7ED4 /* DocumentBasedEmojiArt */,
			);
		};
/* End PBXProject section */

/* Begin PBXResourcesBuildPhase section */
		350A1BBA24ED3CFB008F7ED4 /* Resources */ = {
			isa = PBXResourcesBuildPhase;
			buildActionMask = 2147483647;
			files = (
				350A1BCE24ED3CFD008F7ED4 /* LaunchScreen.storyboard in Resources */,
				350A1BCB24ED3CFD008F7ED4 /* Assets.xcassets in Resources */,
				350A1BC924ED3CFB008F7ED4 /* Main.storyboard in Resources */,
			);
			runOnlyForDeploymentPostprocessing = 0;
		};
/* End PBXResourcesBuildPhase section */

/* Begin PBXSourcesBuildPhase section */
		350A1BB824ED3CFB008F7ED4 /* Sources */ = {
			isa = PBXSourcesBuildPhase;
			buildActionMask = 2147483647;
			files = (
				35BCFD2824EE5DC000804A8F /* TextFieldCollectionViewCell.swift in Sources */,
				35BCFD2924EE5DC000804A8F /* EmojiArtView.swift in Sources */,
				350A1BC624ED3CFB008F7ED4 /* EmojiArtDocument.swift in Sources */,
				35BCFD2724EE5DC000804A8F /* EmojiArtViewController.swift in Sources */,
				350A1BC224ED3CFB008F7ED4 /* DocumentBrowserViewController.swift in Sources */,
				35BCFD2624EE5DC000804A8F /* Utilities.swift in Sources */,
				35BCFD2424EE5DC000804A8F /* EmojiArt.swift in Sources */,
				350A1BC024ED3CFB008F7ED4 /* AppDelegate.swift in Sources */,
				35BCFD2324EE5DC000804A8F /* EmojiCollectionViewCell.swift in Sources */,
				35BCFD2524EE5DC000804A8F /* EmojiArtView+Gestures.swift in Sources */,
			);
			runOnlyForDeploymentPostprocessing = 0;
		};
/* End PBXSourcesBuildPhase section */

/* Begin PBXVariantGroup section */
		350A1BC724ED3CFB008F7ED4 /* Main.storyboard */ = {
			isa = PBXVariantGroup;
			children = (
				350A1BC824ED3CFB008F7ED4 /* Base */,
			);
			name = Main.storyboard;
			sourceTree = "<group>";
		};
		350A1BCC24ED3CFD008F7ED4 /* LaunchScreen.storyboard */ = {
			isa = PBXVariantGroup;
			children = (
				350A1BCD24ED3CFD008F7ED4 /* Base */,
			);
			name = LaunchScreen.storyboard;
			sourceTree = "<group>";
		};
/* End PBXVariantGroup section */

/* Begin XCBuildConfiguration section */
		350A1BD024ED3CFD008F7ED4 /* Debug */ = {
			isa = XCBuildConfiguration;
			buildSettings = {
				ALWAYS_SEARCH_USER_PATHS = NO;
				CLANG_ANALYZER_NONNULL = YES;
				CLANG_ANALYZER_NUMBER_OBJECT_CONVERSION = YES_AGGRESSIVE;
				CLANG_CXX_LANGUAGE_STANDARD = "gnu++14";
				CLANG_CXX_LIBRARY = "libc++";
				CLANG_ENABLE_MODULES = YES;
				CLANG_ENABLE_OBJC_ARC = YES;
				CLANG_ENABLE_OBJC_WEAK = YES;
				CLANG_WARN_BLOCK_CAPTURE_AUTORELEASING = YES;
				CLANG_WARN_BOOL_CONVERSION = YES;
				CLANG_WARN_COMMA = YES;
				CLANG_WARN_CONSTANT_CONVERSION = YES;
				CLANG_WARN_DEPRECATED_OBJC_IMPLEMENTATIONS = YES;
				CLANG_WARN_DIRECT_OBJC_ISA_USAGE = YES_ERROR;
				CLANG_WARN_DOCUMENTATION_COMMENTS = YES;
				CLANG_WARN_EMPTY_BODY = YES;
				CLANG_WARN_ENUM_CONVERSION = YES;
				CLANG_WARN_INFINITE_RECURSION = YES;
				CLANG_WARN_INT_CONVERSION = YES;
				CLANG_WARN_NON_LITERAL_NULL_CONVERSION = YES;
				CLANG_WARN_OBJC_IMPLICIT_RETAIN_SELF = YES;
				CLANG_WARN_OBJC_LITERAL_CONVERSION = YES;
				CLANG_WARN_OBJC_ROOT_CLASS = YES_ERROR;
				CLANG_WARN_RANGE_LOOP_ANALYSIS = YES;
				CLANG_WARN_STRICT_PROTOTYPES = YES;
				CLANG_WARN_SUSPICIOUS_MOVE = YES;
				CLANG_WARN_UNGUARDED_AVAILABILITY = YES_AGGRESSIVE;
				CLANG_WARN_UNREACHABLE_CODE = YES;
				CLANG_WARN__DUPLICATE_METHOD_MATCH = YES;
				COPY_PHASE_STRIP = NO;
				DEBUG_INFORMATION_FORMAT = dwarf;
				ENABLE_STRICT_OBJC_MSGSEND = YES;
				ENABLE_TESTABILITY = YES;
				GCC_C_LANGUAGE_STANDARD = gnu11;
				GCC_DYNAMIC_NO_PIC = NO;
				GCC_NO_COMMON_BLOCKS = YES;
				GCC_OPTIMIZATION_LEVEL = 0;
				GCC_PREPROCESSOR_DEFINITIONS = (
					"DEBUG=1",
					"$(inherited)",
				);
				GCC_WARN_64_TO_32_BIT_CONVERSION = YES;
				GCC_WARN_ABOUT_RETURN_TYPE = YES_ERROR;
				GCC_WARN_UNDECLARED_SELECTOR = YES;
				GCC_WARN_UNINITIALIZED_AUTOS = YES_AGGRESSIVE;
				GCC_WARN_UNUSED_FUNCTION = YES;
				GCC_WARN_UNUSED_VARIABLE = YES;
				IPHONEOS_DEPLOYMENT_TARGET = 13.6;
				MTL_ENABLE_DEBUG_INFO = INCLUDE_SOURCE;
				MTL_FAST_MATH = YES;
				ONLY_ACTIVE_ARCH = YES;
				SDKROOT = iphoneos;
				SWIFT_ACTIVE_COMPILATION_CONDITIONS = DEBUG;
				SWIFT_OPTIMIZATION_LEVEL = "-Onone";
			};
			name = Debug;
		};
		350A1BD124ED3CFD008F7ED4 /* Release */ = {
			isa = XCBuildConfiguration;
			buildSettings = {
				ALWAYS_SEARCH_USER_PATHS = NO;
				CLANG_ANALYZER_NONNULL = YES;
				CLANG_ANALYZER_NUMBER_OBJECT_CONVERSION = YES_AGGRESSIVE;
				CLANG_CXX_LANGUAGE_STANDARD = "gnu++14";
				CLANG_CXX_LIBRARY = "libc++";
				CLANG_ENABLE_MODULES = YES;
				CLANG_ENABLE_OBJC_ARC = YES;
				CLANG_ENABLE_OBJC_WEAK = YES;
				CLANG_WARN_BLOCK_CAPTURE_AUTORELEASING = YES;
				CLANG_WARN_BOOL_CONVERSION = YES;
				CLANG_WARN_COMMA = YES;
				CLANG_WARN_CONSTANT_CONVERSION = YES;
				CLANG_WARN_DEPRECATED_OBJC_IMPLEMENTATIONS = YES;
				CLANG_WARN_DIRECT_OBJC_ISA_USAGE = YES_ERROR;
				CLANG_WARN_DOCUMENTATION_COMMENTS = YES;
				CLANG_WARN_EMPTY_BODY = YES;
				CLANG_WARN_ENUM_CONVERSION = YES;
				CLANG_WARN_INFINITE_RECURSION = YES;
				CLANG_WARN_INT_CONVERSION = YES;
				CLANG_WARN_NON_LITERAL_NULL_CONVERSION = YES;
				CLANG_WARN_OBJC_IMPLICIT_RETAIN_SELF = YES;
				CLANG_WARN_OBJC_LITERAL_CONVERSION = YES;
				CLANG_WARN_OBJC_ROOT_CLASS = YES_ERROR;
				CLANG_WARN_RANGE_LOOP_ANALYSIS = YES;
				CLANG_WARN_STRICT_PROTOTYPES = YES;
				CLANG_WARN_SUSPICIOUS_MOVE = YES;
				CLANG_WARN_UNGUARDED_AVAILABILITY = YES_AGGRESSIVE;
				CLANG_WARN_UNREACHABLE_CODE = YES;
				CLANG_WARN__DUPLICATE_METHOD_MATCH = YES;
				COPY_PHASE_STRIP = NO;
				DEBUG_INFORMATION_FORMAT = "dwarf-with-dsym";
				ENABLE_NS_ASSERTIONS = NO;
				ENABLE_STRICT_OBJC_MSGSEND = YES;
				GCC_C_LANGUAGE_STANDARD = gnu11;
				GCC_NO_COMMON_BLOCKS = YES;
				GCC_WARN_64_TO_32_BIT_CONVERSION = YES;
				GCC_WARN_ABOUT_RETURN_TYPE = YES_ERROR;
				GCC_WARN_UNDECLARED_SELECTOR = YES;
				GCC_WARN_UNINITIALIZED_AUTOS = YES_AGGRESSIVE;
				GCC_WARN_UNUSED_FUNCTION = YES;
				GCC_WARN_UNUSED_VARIABLE = YES;
				IPHONEOS_DEPLOYMENT_TARGET = 13.6;
				MTL_ENABLE_DEBUG_INFO = NO;
				MTL_FAST_MATH = YES;
				SDKROOT = iphoneos;
				SWIFT_COMPILATION_MODE = wholemodule;
				SWIFT_OPTIMIZATION_LEVEL = "-O";
				VALIDATE_PRODUCT = YES;
			};
			name = Release;
		};
		350A1BD324ED3CFD008F7ED4 /* Debug */ = {
			isa = XCBuildConfiguration;
			buildSettings = {
				ASSETCATALOG_COMPILER_APPICON_NAME = AppIcon;
				CODE_SIGN_STYLE = Automatic;
				INFOPLIST_FILE = DocumentBasedEmojiArt/Info.plist;
				LD_RUNPATH_SEARCH_PATHS = (
					"$(inherited)",
					"@executable_path/Frameworks",
				);
				PRODUCT_BUNDLE_IDENTIFIER = com.example.stanford.DocumentBasedEmojiArt;
				PRODUCT_NAME = "$(TARGET_NAME)";
				SWIFT_VERSION = 5.0;
				TARGETED_DEVICE_FAMILY = "1,2";
			};
			name = Debug;
		};
		350A1BD424ED3CFD008F7ED4 /* Release */ = {
			isa = XCBuildConfiguration;
			buildSettings = {
				ASSETCATALOG_COMPILER_APPICON_NAME = AppIcon;
				CODE_SIGN_STYLE = Automatic;
				INFOPLIST_FILE = DocumentBasedEmojiArt/Info.plist;
				LD_RUNPATH_SEARCH_PATHS = (
					"$(inherited)",
					"@executable_path/Frameworks",
				);
				PRODUCT_BUNDLE_IDENTIFIER = com.example.stanford.DocumentBasedEmojiArt;
				PRODUCT_NAME = "$(TARGET_NAME)";
				SWIFT_VERSION = 5.0;
				TARGETED_DEVICE_FAMILY = "1,2";
			};
			name = Release;
		};
/* End XCBuildConfiguration section */

/* Begin XCConfigurationList section */
		350A1BB724ED3CFB008F7ED4 /* Build configuration list for PBXProject "DocumentBasedEmojiArt" */ = {
			isa = XCConfigurationList;
			buildConfigurations = (
				350A1BD024ED3CFD008F7ED4 /* Debug */,
				350A1BD124ED3CFD008F7ED4 /* Release */,
			);
			defaultConfigurationIsVisible = 0;
			defaultConfigurationName = Release;
		};
		350A1BD224ED3CFD008F7ED4 /* Build configuration list for PBXNativeTarget "DocumentBasedEmojiArt" */ = {
			isa = XCConfigurationList;
			buildConfigurations = (
				350A1BD324ED3CFD008F7ED4 /* Debug */,
				350A1BD424ED3CFD008F7ED4 /* Release */,
			);
			defaultConfigurationIsVisible = 0;
			defaultConfigurationName = Release;
		};
/* End XCConfigurationList section */
	};
	rootObject = 350A1BB424ED3CFB008F7ED4 /* Project object */;
}
